
Microsoft Visual Studio Solution File, Format Version 12.00
# Visual Studio Version 17
VisualStudioVersion = 17.0.31903.59
MinimumVisualStudioVersion = 10.0.40219.1
Project("{FAE04EC0-301F-11D3-BF4B-00C04F79EFBC}") = "ABC.API", "API\ABC.API.csproj", "{72850EDA-0BF4-4B31-A02C-F73D4C56EE30}"
EndProject
Project("{FAE04EC0-301F-11D3-BF4B-00C04F79EFBC}") = "Application", "Application\Application.csproj", "{B18650B8-C6AB-4A18-B8D7-D98D33B4ADB4}"
EndProject
Project("{FAE04EC0-301F-11D3-BF4B-00C04F79EFBC}") = "Core", "Core\Core.csproj", "{C9E394AD-DD71-4B9B-B444-1D0CB5BC3F24}"
EndProject
Project("{FAE04EC0-301F-11D3-BF4B-00C04F79EFBC}") = "Infrastructure", "Infrastructure\Infrastructure.csproj", "{1EF926CE-27C2-4AD4-BB2F-F9387B170465}"
EndProject
Project("{FAE04EC0-301F-11D3-BF4B-00C04F79EFBC}") = "Shared", "Shared\Shared.csproj", "{683D4B7F-B661-410C-95C2-443A829E448C}"
EndProject
Project("{2150E333-8FDC-42A3-9474-1A3956D46DE8}") = "Tests", "Tests", "{065961C4-C282-47A3-B0E9-4B0C7532DE61}"
EndProject
Project("{FAE04EC0-301F-11D3-BF4B-00C04F79EFBC}") = "Application.Tests", "Tests\Application.Tests\Application.Tests.csproj", "{3BEEC031-069E-405C-ADC8-F0F82E975DCD}"
EndProject
Project("{FAE04EC0-301F-11D3-BF4B-00C04F79EFBC}") = "Core.Tests", "Tests\Core.Tests\Core.Tests.csproj", "{68BECDE5-FD8C-4666-A17F-F2057CE8945C}"
EndProject
Project("{FAE04EC0-301F-11D3-BF4B-00C04F79EFBC}") = "Infrastructure.Tests", "Tests\Infrastructure.Tests\Infrastructure.Tests.csproj", "{61E62B0B-805D-4881-BE41-7DBF8E2988ED}"
EndProject
Project("{FAE04EC0-301F-11D3-BF4B-00C04F79EFBC}") = "API.Tests", "Tests\API.Tests\API.Tests.csproj", "{C8C2E169-CC89-4981-8CB5-A5F1CECE08BB}"
EndProject
Global
	GlobalSection(SolutionConfigurationPlatforms) = preSolution
		Debug|Any CPU = Debug|Any CPU
		Release|Any CPU = Release|Any CPU
	EndGlobalSection
	GlobalSection(SolutionProperties) = preSolution
		HideSolutionNode = FALSE
	EndGlobalSection
	GlobalSection(ProjectConfigurationPlatforms) = postSolution
		{72850EDA-0BF4-4B31-A02C-F73D4C56EE30}.Debug|Any CPU.ActiveCfg = Debug|Any CPU
		{72850EDA-0BF4-4B31-A02C-F73D4C56EE30}.Debug|Any CPU.Build.0 = Debug|Any CPU
		{72850EDA-0BF4-4B31-A02C-F73D4C56EE30}.Release|Any CPU.ActiveCfg = Release|Any CPU
		{72850EDA-0BF4-4B31-A02C-F73D4C56EE30}.Release|Any CPU.Build.0 = Release|Any CPU
		{B18650B8-C6AB-4A18-B8D7-D98D33B4ADB4}.Debug|Any CPU.ActiveCfg = Debug|Any CPU
		{B18650B8-C6AB-4A18-B8D7-D98D33B4ADB4}.Debug|Any CPU.Build.0 = Debug|Any CPU
		{B18650B8-C6AB-4A18-B8D7-D98D33B4ADB4}.Release|Any CPU.ActiveCfg = Release|Any CPU
		{B18650B8-C6AB-4A18-B8D7-D98D33B4ADB4}.Release|Any CPU.Build.0 = Release|Any CPU
		{C9E394AD-DD71-4B9B-B444-1D0CB5BC3F24}.Debug|Any CPU.ActiveCfg = Debug|Any CPU
		{C9E394AD-DD71-4B9B-B444-1D0CB5BC3F24}.Debug|Any CPU.Build.0 = Debug|Any CPU
		{C9E394AD-DD71-4B9B-B444-1D0CB5BC3F24}.Release|Any CPU.ActiveCfg = Release|Any CPU
		{C9E394AD-DD71-4B9B-B444-1D0CB5BC3F24}.Release|Any CPU.Build.0 = Release|Any CPU
		{1EF926CE-27C2-4AD4-BB2F-F9387B170465}.Debug|Any CPU.ActiveCfg = Debug|Any CPU
		{1EF926CE-27C2-4AD4-BB2F-F9387B170465}.Debug|Any CPU.Build.0 = Debug|Any CPU
		{1EF926CE-27C2-4AD4-BB2F-F9387B170465}.Release|Any CPU.ActiveCfg = Release|Any CPU
		{1EF926CE-27C2-4AD4-BB2F-F9387B170465}.Release|Any CPU.Build.0 = Release|Any CPU
		{683D4B7F-B661-410C-95C2-443A829E448C}.Debug|Any CPU.ActiveCfg = Debug|Any CPU
		{683D4B7F-B661-410C-95C2-443A829E448C}.Debug|Any CPU.Build.0 = Debug|Any CPU
		{683D4B7F-B661-410C-95C2-443A829E448C}.Release|Any CPU.ActiveCfg = Release|Any CPU
		{683D4B7F-B661-410C-95C2-443A829E448C}.Release|Any CPU.Build.0 = Release|Any CPU
		{3BEEC031-069E-405C-ADC8-F0F82E975DCD}.Debug|Any CPU.ActiveCfg = Debug|Any CPU
		{3BEEC031-069E-405C-ADC8-F0F82E975DCD}.Debug|Any CPU.Build.0 = Debug|Any CPU
		{3BEEC031-069E-405C-ADC8-F0F82E975DCD}.Release|Any CPU.ActiveCfg = Release|Any CPU
		{3BEEC031-069E-405C-ADC8-F0F82E975DCD}.Release|Any CPU.Build.0 = Release|Any CPU
		{68BECDE5-FD8C-4666-A17F-F2057CE8945C}.Debug|Any CPU.ActiveCfg = Debug|Any CPU
		{68BECDE5-FD8C-4666-A17F-F2057CE8945C}.Debug|Any CPU.Build.0 = Debug|Any CPU
		{68BECDE5-FD8C-4666-A17F-F2057CE8945C}.Release|Any CPU.ActiveCfg = Release|Any CPU
		{68BECDE5-FD8C-4666-A17F-F2057CE8945C}.Release|Any CPU.Build.0 = Release|Any CPU
		{61E62B0B-805D-4881-BE41-7DBF8E2988ED}.Debug|Any CPU.ActiveCfg = Debug|Any CPU
		{61E62B0B-805D-4881-BE41-7DBF8E2988ED}.Debug|Any CPU.Build.0 = Debug|Any CPU
		{61E62B0B-805D-4881-BE41-7DBF8E2988ED}.Release|Any CPU.ActiveCfg = Release|Any CPU
		{61E62B0B-805D-4881-BE41-7DBF8E2988ED}.Release|Any CPU.Build.0 = Release|Any CPU
		{C8C2E169-CC89-4981-8CB5-A5F1CECE08BB}.Debug|Any CPU.ActiveCfg = Debug|Any CPU
		{C8C2E169-CC89-4981-8CB5-A5F1CECE08BB}.Debug|Any CPU.Build.0 = Debug|Any CPU
		{C8C2E169-CC89-4981-8CB5-A5F1CECE08BB}.Release|Any CPU.ActiveCfg = Release|Any CPU
		{C8C2E169-CC89-4981-8CB5-A5F1CECE08BB}.Release|Any CPU.Build.0 = Release|Any CPU
	EndGlobalSection
	GlobalSection(NestedProjects) = preSolution
		{3BEEC031-069E-405C-ADC8-F0F82E975DCD} = {065961C4-C282-47A3-B0E9-4B0C7532DE61}
		{68BECDE5-FD8C-4666-A17F-F2057CE8945C} = {065961C4-C282-47A3-B0E9-4B0C7532DE61}
		{61E62B0B-805D-4881-BE41-7DBF8E2988ED} = {065961C4-C282-47A3-B0E9-4B0C7532DE61}
		{C8C2E169-CC89-4981-8CB5-A5F1CECE08BB} = {065961C4-C282-47A3-B0E9-4B0C7532DE61}
	EndGlobalSection
EndGlobal
